
Microsoft Visual Studio Solution File, Format Version 12.00
# Visual Studio 15
VisualStudioVersion = 15.0.27703.2042
MinimumVisualStudioVersion = 10.0.40219.1
Project("{159641D6-6404-4A2A-AE62-294DE0FE8301}") = "datamigration", "datamigration\datamigration.dtproj", "{2EE424F3-E3D1-4456-95F5-8199D7F5D6A9}"
EndProject
Global
	GlobalSection(SolutionConfigurationPlatforms) = preSolution
		Development|Default = Development|Default
	EndGlobalSection
	GlobalSection(ProjectConfigurationPlatforms) = postSolution
		{2EE424F3-E3D1-4456-95F5-8199D7F5D6A9}.Development|Default.ActiveCfg = Development
		{2EE424F3-E3D1-4456-95F5-8199D7F5D6A9}.Development|Default.Build.0 = Development
	EndGlobalSection
	GlobalSection(SolutionProperties) = preSolution
		HideSolutionNode = FALSE
	EndGlobalSection
	GlobalSection(ExtensibilityGlobals) = postSolution
		SolutionGuid = {9CC9577B-D129-477D-A6C7-DFC859348BA1}
	EndGlobalSection
EndGlobal
